// !$*UTF8*$!
{
	archiveVersion = 1;
	classes = {
	};
	objectVersion = 50;
	objects = {

/* Begin PBXBuildFile section */
		023EE6E0239AAA5B00BA457E /* DetailViewModel.swift in Sources */ = {isa = PBXBuildFile; fileRef = 023EE6DF239AAA5B00BA457E /* DetailViewModel.swift */; };
		023EE6E2239AC43000BA457E /* Repos.swift in Sources */ = {isa = PBXBuildFile; fileRef = 023EE6E1239AC43000BA457E /* Repos.swift */; };
		02D2B104239A47C700EE4A6C /* DetailViewController.storyboard in Resources */ = {isa = PBXBuildFile; fileRef = 02D2B103239A47C700EE4A6C /* DetailViewController.storyboard */; };
		02D2B106239A480300EE4A6C /* DetailViewController.swift in Sources */ = {isa = PBXBuildFile; fileRef = 02D2B105239A480300EE4A6C /* DetailViewController.swift */; };
		02D2B108239A55C200EE4A6C /* BiographyTableViewCell.swift in Sources */ = {isa = PBXBuildFile; fileRef = 02D2B107239A55C200EE4A6C /* BiographyTableViewCell.swift */; };
		02D2B10A239A55D800EE4A6C /* RepoTableViewCell.swift in Sources */ = {isa = PBXBuildFile; fileRef = 02D2B109239A55D800EE4A6C /* RepoTableViewCell.swift */; };
		F7DCA1DA2399E54B0025A2D1 /* AppDelegate.swift in Sources */ = {isa = PBXBuildFile; fileRef = F7DCA1D92399E54B0025A2D1 /* AppDelegate.swift */; };
		F7DCA1DC2399E54B0025A2D1 /* SceneDelegate.swift in Sources */ = {isa = PBXBuildFile; fileRef = F7DCA1DB2399E54B0025A2D1 /* SceneDelegate.swift */; };
		F7DCA1DE2399E54B0025A2D1 /* UserSearchViewController.swift in Sources */ = {isa = PBXBuildFile; fileRef = F7DCA1DD2399E54B0025A2D1 /* UserSearchViewController.swift */; };
		F7DCA1E12399E54B0025A2D1 /* UserSearchViewController.storyboard in Resources */ = {isa = PBXBuildFile; fileRef = F7DCA1DF2399E54B0025A2D1 /* UserSearchViewController.storyboard */; };
		F7DCA1E32399E54F0025A2D1 /* Assets.xcassets in Resources */ = {isa = PBXBuildFile; fileRef = F7DCA1E22399E54F0025A2D1 /* Assets.xcassets */; };
		F7DCA1E62399E54F0025A2D1 /* LaunchScreen.storyboard in Resources */ = {isa = PBXBuildFile; fileRef = F7DCA1E42399E54F0025A2D1 /* LaunchScreen.storyboard */; };
		F7DCA1F42399E5DC0025A2D1 /* Coordinator.swift in Sources */ = {isa = PBXBuildFile; fileRef = F7DCA1F32399E5DC0025A2D1 /* Coordinator.swift */; };
		F7DCA1F62399E66C0025A2D1 /* Storyboarded.swift in Sources */ = {isa = PBXBuildFile; fileRef = F7DCA1F52399E66C0025A2D1 /* Storyboarded.swift */; };
		F7DCA1F82399E7DA0025A2D1 /* MainCoordinator.swift in Sources */ = {isa = PBXBuildFile; fileRef = F7DCA1F72399E7DA0025A2D1 /* MainCoordinator.swift */; };
		F7DCA2012399F8CB0025A2D1 /* UserTableViewCell.swift in Sources */ = {isa = PBXBuildFile; fileRef = F7DCA2002399F8CB0025A2D1 /* UserTableViewCell.swift */; };
		F7DCA2032399F9F10025A2D1 /* UserSearchViewModel.swift in Sources */ = {isa = PBXBuildFile; fileRef = F7DCA2022399F9F10025A2D1 /* UserSearchViewModel.swift */; };
		F7DCA2052399FAB60025A2D1 /* ConstantUtils.swift in Sources */ = {isa = PBXBuildFile; fileRef = F7DCA2042399FAB60025A2D1 /* ConstantUtils.swift */; };
		F7DCA2072399FDF40025A2D1 /* ApiServices.swift in Sources */ = {isa = PBXBuildFile; fileRef = F7DCA2062399FDF40025A2D1 /* ApiServices.swift */; };
		F7DCA209239A00540025A2D1 /* User.swift in Sources */ = {isa = PBXBuildFile; fileRef = F7DCA208239A00540025A2D1 /* User.swift */; };
		F7DCA20B239A07450025A2D1 /* UsersList.swift in Sources */ = {isa = PBXBuildFile; fileRef = F7DCA20A239A07450025A2D1 /* UsersList.swift */; };
/* End PBXBuildFile section */

/* Begin PBXFileReference section */
		023EE6DF239AAA5B00BA457E /* DetailViewModel.swift */ = {isa = PBXFileReference; lastKnownFileType = sourcecode.swift; path = DetailViewModel.swift; sourceTree = "<group>"; };
		023EE6E1239AC43000BA457E /* Repos.swift */ = {isa = PBXFileReference; lastKnownFileType = sourcecode.swift; path = Repos.swift; sourceTree = "<group>"; };
		02D2B103239A47C700EE4A6C /* DetailViewController.storyboard */ = {isa = PBXFileReference; lastKnownFileType = file.storyboard; path = DetailViewController.storyboard; sourceTree = "<group>"; };
		02D2B105239A480300EE4A6C /* DetailViewController.swift */ = {isa = PBXFileReference; lastKnownFileType = sourcecode.swift; path = DetailViewController.swift; sourceTree = "<group>"; };
		02D2B107239A55C200EE4A6C /* BiographyTableViewCell.swift */ = {isa = PBXFileReference; lastKnownFileType = sourcecode.swift; path = BiographyTableViewCell.swift; sourceTree = "<group>"; };
		02D2B109239A55D800EE4A6C /* RepoTableViewCell.swift */ = {isa = PBXFileReference; lastKnownFileType = sourcecode.swift; path = RepoTableViewCell.swift; sourceTree = "<group>"; };
		F7DCA1D62399E54B0025A2D1 /* githubSampleApp.app */ = {isa = PBXFileReference; explicitFileType = wrapper.application; includeInIndex = 0; path = githubSampleApp.app; sourceTree = BUILT_PRODUCTS_DIR; };
		F7DCA1D92399E54B0025A2D1 /* AppDelegate.swift */ = {isa = PBXFileReference; lastKnownFileType = sourcecode.swift; path = AppDelegate.swift; sourceTree = "<group>"; };
		F7DCA1DB2399E54B0025A2D1 /* SceneDelegate.swift */ = {isa = PBXFileReference; lastKnownFileType = sourcecode.swift; path = SceneDelegate.swift; sourceTree = "<group>"; };
		F7DCA1DD2399E54B0025A2D1 /* UserSearchViewController.swift */ = {isa = PBXFileReference; lastKnownFileType = sourcecode.swift; path = UserSearchViewController.swift; sourceTree = "<group>"; };
		F7DCA1E02399E54B0025A2D1 /* Base */ = {isa = PBXFileReference; lastKnownFileType = file.storyboard; name = Base; path = Base.lproj/UserSearchViewController.storyboard; sourceTree = "<group>"; };
		F7DCA1E22399E54F0025A2D1 /* Assets.xcassets */ = {isa = PBXFileReference; lastKnownFileType = folder.assetcatalog; path = Assets.xcassets; sourceTree = "<group>"; };
		F7DCA1E52399E54F0025A2D1 /* Base */ = {isa = PBXFileReference; lastKnownFileType = file.storyboard; name = Base; path = Base.lproj/LaunchScreen.storyboard; sourceTree = "<group>"; };
		F7DCA1E72399E54F0025A2D1 /* Info.plist */ = {isa = PBXFileReference; lastKnownFileType = text.plist.xml; path = Info.plist; sourceTree = "<group>"; };
		F7DCA1F32399E5DC0025A2D1 /* Coordinator.swift */ = {isa = PBXFileReference; lastKnownFileType = sourcecode.swift; path = Coordinator.swift; sourceTree = "<group>"; };
		F7DCA1F52399E66C0025A2D1 /* Storyboarded.swift */ = {isa = PBXFileReference; lastKnownFileType = sourcecode.swift; path = Storyboarded.swift; sourceTree = "<group>"; };
		F7DCA1F72399E7DA0025A2D1 /* MainCoordinator.swift */ = {isa = PBXFileReference; lastKnownFileType = sourcecode.swift; path = MainCoordinator.swift; sourceTree = "<group>"; };
		F7DCA2002399F8CB0025A2D1 /* UserTableViewCell.swift */ = {isa = PBXFileReference; lastKnownFileType = sourcecode.swift; path = UserTableViewCell.swift; sourceTree = "<group>"; };
		F7DCA2022399F9F10025A2D1 /* UserSearchViewModel.swift */ = {isa = PBXFileReference; lastKnownFileType = sourcecode.swift; path = UserSearchViewModel.swift; sourceTree = "<group>"; };
		F7DCA2042399FAB60025A2D1 /* ConstantUtils.swift */ = {isa = PBXFileReference; lastKnownFileType = sourcecode.swift; path = ConstantUtils.swift; sourceTree = "<group>"; };
		F7DCA2062399FDF40025A2D1 /* ApiServices.swift */ = {isa = PBXFileReference; lastKnownFileType = sourcecode.swift; path = ApiServices.swift; sourceTree = "<group>"; };
		F7DCA208239A00540025A2D1 /* User.swift */ = {isa = PBXFileReference; lastKnownFileType = sourcecode.swift; path = User.swift; sourceTree = "<group>"; };
		F7DCA20A239A07450025A2D1 /* UsersList.swift */ = {isa = PBXFileReference; lastKnownFileType = sourcecode.swift; path = UsersList.swift; sourceTree = "<group>"; };
/* End PBXFileReference section */

/* Begin PBXFrameworksBuildPhase section */
		F7DCA1D32399E54B0025A2D1 /* Frameworks */ = {
			isa = PBXFrameworksBuildPhase;
			buildActionMask = 2147483647;
			files = (
			);
			runOnlyForDeploymentPostprocessing = 0;
		};
/* End PBXFrameworksBuildPhase section */

/* Begin PBXGroup section */
		F7DCA1CD2399E54B0025A2D1 = {
			isa = PBXGroup;
			children = (
				F7DCA1D82399E54B0025A2D1 /* githubSampleApp */,
				F7DCA1D72399E54B0025A2D1 /* Products */,
			);
			sourceTree = "<group>";
		};
		F7DCA1D72399E54B0025A2D1 /* Products */ = {
			isa = PBXGroup;
			children = (
				F7DCA1D62399E54B0025A2D1 /* githubSampleApp.app */,
			);
			name = Products;
			sourceTree = "<group>";
		};
		F7DCA1D82399E54B0025A2D1 /* githubSampleApp */ = {
			isa = PBXGroup;
			children = (
				F7DCA1F22399E5CA0025A2D1 /* Coordinator */,
				F7DCA1F12399E57E0025A2D1 /* Services */,
				F7DCA1F02399E5770025A2D1 /* ViewController */,
				F7DCA1EF2399E56E0025A2D1 /* ViewModel */,
				F7DCA1EE2399E5650025A2D1 /* Storyboard */,
				F7DCA1ED2399E55A0025A2D1 /* Model */,
				F7DCA1D92399E54B0025A2D1 /* AppDelegate.swift */,
				F7DCA1DB2399E54B0025A2D1 /* SceneDelegate.swift */,
				F7DCA1E22399E54F0025A2D1 /* Assets.xcassets */,
				F7DCA1E72399E54F0025A2D1 /* Info.plist */,
			);
			path = githubSampleApp;
			sourceTree = "<group>";
		};
		F7DCA1ED2399E55A0025A2D1 /* Model */ = {
			isa = PBXGroup;
			children = (
				F7DCA208239A00540025A2D1 /* User.swift */,
				F7DCA20A239A07450025A2D1 /* UsersList.swift */,
				023EE6E1239AC43000BA457E /* Repos.swift */,
			);
			path = Model;
			sourceTree = "<group>";
		};
		F7DCA1EE2399E5650025A2D1 /* Storyboard */ = {
			isa = PBXGroup;
			children = (
				F7DCA1DF2399E54B0025A2D1 /* UserSearchViewController.storyboard */,
				F7DCA1E42399E54F0025A2D1 /* LaunchScreen.storyboard */,
				02D2B103239A47C700EE4A6C /* DetailViewController.storyboard */,
			);
			path = Storyboard;
			sourceTree = "<group>";
		};
		F7DCA1EF2399E56E0025A2D1 /* ViewModel */ = {
			isa = PBXGroup;
			children = (
				F7DCA2022399F9F10025A2D1 /* UserSearchViewModel.swift */,
				023EE6DF239AAA5B00BA457E /* DetailViewModel.swift */,
			);
			path = ViewModel;
			sourceTree = "<group>";
		};
		F7DCA1F02399E5770025A2D1 /* ViewController */ = {
			isa = PBXGroup;
			children = (
				F7DCA1FF2399F7DE0025A2D1 /* Views */,
				F7DCA1DD2399E54B0025A2D1 /* UserSearchViewController.swift */,
				02D2B105239A480300EE4A6C /* DetailViewController.swift */,
			);
			path = ViewController;
			sourceTree = "<group>";
		};
		F7DCA1F12399E57E0025A2D1 /* Services */ = {
			isa = PBXGroup;
			children = (
				F7DCA2042399FAB60025A2D1 /* ConstantUtils.swift */,
				F7DCA2062399FDF40025A2D1 /* ApiServices.swift */,
			);
			path = Services;
			sourceTree = "<group>";
		};
		F7DCA1F22399E5CA0025A2D1 /* Coordinator */ = {
			isa = PBXGroup;
			children = (
				F7DCA1F32399E5DC0025A2D1 /* Coordinator.swift */,
				F7DCA1F52399E66C0025A2D1 /* Storyboarded.swift */,
				F7DCA1F72399E7DA0025A2D1 /* MainCoordinator.swift */,
			);
			path = Coordinator;
			sourceTree = "<group>";
		};
		F7DCA1FF2399F7DE0025A2D1 /* Views */ = {
			isa = PBXGroup;
			children = (
				F7DCA2002399F8CB0025A2D1 /* UserTableViewCell.swift */,
				02D2B107239A55C200EE4A6C /* BiographyTableViewCell.swift */,
				02D2B109239A55D800EE4A6C /* RepoTableViewCell.swift */,
			);
			path = Views;
			sourceTree = "<group>";
		};
/* End PBXGroup section */

/* Begin PBXNativeTarget section */
		F7DCA1D52399E54B0025A2D1 /* githubSampleApp */ = {
			isa = PBXNativeTarget;
			buildConfigurationList = F7DCA1EA2399E54F0025A2D1 /* Build configuration list for PBXNativeTarget "githubSampleApp" */;
			buildPhases = (
				F7DCA1D22399E54B0025A2D1 /* Sources */,
				F7DCA1D32399E54B0025A2D1 /* Frameworks */,
				F7DCA1D42399E54B0025A2D1 /* Resources */,
			);
			buildRules = (
			);
			dependencies = (
			);
			name = githubSampleApp;
			productName = githubSampleApp;
			productReference = F7DCA1D62399E54B0025A2D1 /* githubSampleApp.app */;
			productType = "com.apple.product-type.application";
		};
/* End PBXNativeTarget section */

/* Begin PBXProject section */
		F7DCA1CE2399E54B0025A2D1 /* Project object */ = {
			isa = PBXProject;
			attributes = {
				LastSwiftUpdateCheck = 1120;
				LastUpgradeCheck = 1120;
				ORGANIZATIONNAME = Lowes;
				TargetAttributes = {
					F7DCA1D52399E54B0025A2D1 = {
						CreatedOnToolsVersion = 11.2.1;
					};
				};
			};
			buildConfigurationList = F7DCA1D12399E54B0025A2D1 /* Build configuration list for PBXProject "githubSampleApp" */;
			compatibilityVersion = "Xcode 9.3";
			developmentRegion = en;
			hasScannedForEncodings = 0;
			knownRegions = (
				en,
				Base,
			);
			mainGroup = F7DCA1CD2399E54B0025A2D1;
			productRefGroup = F7DCA1D72399E54B0025A2D1 /* Products */;
			projectDirPath = "";
			projectRoot = "";
			targets = (
				F7DCA1D52399E54B0025A2D1 /* githubSampleApp */,
			);
		};
/* End PBXProject section */

/* Begin PBXResourcesBuildPhase section */
		F7DCA1D42399E54B0025A2D1 /* Resources */ = {
			isa = PBXResourcesBuildPhase;
			buildActionMask = 2147483647;
			files = (
				02D2B104239A47C700EE4A6C /* DetailViewController.storyboard in Resources */,
				F7DCA1E62399E54F0025A2D1 /* LaunchScreen.storyboard in Resources */,
				F7DCA1E32399E54F0025A2D1 /* Assets.xcassets in Resources */,
				F7DCA1E12399E54B0025A2D1 /* UserSearchViewController.storyboard in Resources */,
			);
			runOnlyForDeploymentPostprocessing = 0;
		};
/* End PBXResourcesBuildPhase section */

/* Begin PBXSourcesBuildPhase section */
		F7DCA1D22399E54B0025A2D1 /* Sources */ = {
			isa = PBXSourcesBuildPhase;
			buildActionMask = 2147483647;
			files = (
				02D2B106239A480300EE4A6C /* DetailViewController.swift in Sources */,
				02D2B108239A55C200EE4A6C /* BiographyTableViewCell.swift in Sources */,
				F7DCA1F42399E5DC0025A2D1 /* Coordinator.swift in Sources */,
				F7DCA1F82399E7DA0025A2D1 /* MainCoordinator.swift in Sources */,
				F7DCA2052399FAB60025A2D1 /* ConstantUtils.swift in Sources */,
				F7DCA2012399F8CB0025A2D1 /* UserTableViewCell.swift in Sources */,
				023EE6E2239AC43000BA457E /* Repos.swift in Sources */,
				F7DCA20B239A07450025A2D1 /* UsersList.swift in Sources */,
				F7DCA2072399FDF40025A2D1 /* ApiServices.swift in Sources */,
				02D2B10A239A55D800EE4A6C /* RepoTableViewCell.swift in Sources */,
				F7DCA1DE2399E54B0025A2D1 /* UserSearchViewController.swift in Sources */,
				F7DCA209239A00540025A2D1 /* User.swift in Sources */,
				F7DCA1F62399E66C0025A2D1 /* Storyboarded.swift in Sources */,
				F7DCA2032399F9F10025A2D1 /* UserSearchViewModel.swift in Sources */,
				F7DCA1DA2399E54B0025A2D1 /* AppDelegate.swift in Sources */,
				F7DCA1DC2399E54B0025A2D1 /* SceneDelegate.swift in Sources */,
				023EE6E0239AAA5B00BA457E /* DetailViewModel.swift in Sources */,
			);
			runOnlyForDeploymentPostprocessing = 0;
		};
/* End PBXSourcesBuildPhase section */

/* Begin PBXVariantGroup section */
		F7DCA1DF2399E54B0025A2D1 /* UserSearchViewController.storyboard */ = {
			isa = PBXVariantGroup;
			children = (
				F7DCA1E02399E54B0025A2D1 /* Base */,
			);
			name = UserSearchViewController.storyboard;
			sourceTree = "<group>";
		};
		F7DCA1E42399E54F0025A2D1 /* LaunchScreen.storyboard */ = {
			isa = PBXVariantGroup;
			children = (
				F7DCA1E52399E54F0025A2D1 /* Base */,
			);
			name = LaunchScreen.storyboard;
			sourceTree = "<group>";
		};
/* End PBXVariantGroup section */

/* Begin XCBuildConfiguration section */
		F7DCA1E82399E54F0025A2D1 /* Debug */ = {
			isa = XCBuildConfiguration;
			buildSettings = {
				ALWAYS_SEARCH_USER_PATHS = NO;
				CLANG_ANALYZER_NONNULL = YES;
				CLANG_ANALYZER_NUMBER_OBJECT_CONVERSION = YES_AGGRESSIVE;
				CLANG_CXX_LANGUAGE_STANDARD = "gnu++14";
				CLANG_CXX_LIBRARY = "libc++";
				CLANG_ENABLE_MODULES = YES;
				CLANG_ENABLE_OBJC_ARC = YES;
				CLANG_ENABLE_OBJC_WEAK = YES;
				CLANG_WARN_BLOCK_CAPTURE_AUTORELEASING = YES;
				CLANG_WARN_BOOL_CONVERSION = YES;
				CLANG_WARN_COMMA = YES;
				CLANG_WARN_CONSTANT_CONVERSION = YES;
				CLANG_WARN_DEPRECATED_OBJC_IMPLEMENTATIONS = YES;
				CLANG_WARN_DIRECT_OBJC_ISA_USAGE = YES_ERROR;
				CLANG_WARN_DOCUMENTATION_COMMENTS = YES;
				CLANG_WARN_EMPTY_BODY = YES;
				CLANG_WARN_ENUM_CONVERSION = YES;
				CLANG_WARN_INFINITE_RECURSION = YES;
				CLANG_WARN_INT_CONVERSION = YES;
				CLANG_WARN_NON_LITERAL_NULL_CONVERSION = YES;
				CLANG_WARN_OBJC_IMPLICIT_RETAIN_SELF = YES;
				CLANG_WARN_OBJC_LITERAL_CONVERSION = YES;
				CLANG_WARN_OBJC_ROOT_CLASS = YES_ERROR;
				CLANG_WARN_RANGE_LOOP_ANALYSIS = YES;
				CLANG_WARN_STRICT_PROTOTYPES = YES;
				CLANG_WARN_SUSPICIOUS_MOVE = YES;
				CLANG_WARN_UNGUARDED_AVAILABILITY = YES_AGGRESSIVE;
				CLANG_WARN_UNREACHABLE_CODE = YES;
				CLANG_WARN__DUPLICATE_METHOD_MATCH = YES;
				COPY_PHASE_STRIP = NO;
				DEBUG_INFORMATION_FORMAT = dwarf;
				ENABLE_STRICT_OBJC_MSGSEND = YES;
				ENABLE_TESTABILITY = YES;
				GCC_C_LANGUAGE_STANDARD = gnu11;
				GCC_DYNAMIC_NO_PIC = NO;
				GCC_NO_COMMON_BLOCKS = YES;
				GCC_OPTIMIZATION_LEVEL = 0;
				GCC_PREPROCESSOR_DEFINITIONS = (
					"DEBUG=1",
					"$(inherited)",
				);
				GCC_WARN_64_TO_32_BIT_CONVERSION = YES;
				GCC_WARN_ABOUT_RETURN_TYPE = YES_ERROR;
				GCC_WARN_UNDECLARED_SELECTOR = YES;
				GCC_WARN_UNINITIALIZED_AUTOS = YES_AGGRESSIVE;
				GCC_WARN_UNUSED_FUNCTION = YES;
				GCC_WARN_UNUSED_VARIABLE = YES;
				IPHONEOS_DEPLOYMENT_TARGET = 13.2;
				MTL_ENABLE_DEBUG_INFO = INCLUDE_SOURCE;
				MTL_FAST_MATH = YES;
				ONLY_ACTIVE_ARCH = YES;
				SDKROOT = iphoneos;
				SWIFT_ACTIVE_COMPILATION_CONDITIONS = DEBUG;
				SWIFT_OPTIMIZATION_LEVEL = "-Onone";
			};
			name = Debug;
		};
		F7DCA1E92399E54F0025A2D1 /* Release */ = {
			isa = XCBuildConfiguration;
			buildSettings = {
				ALWAYS_SEARCH_USER_PATHS = NO;
				CLANG_ANALYZER_NONNULL = YES;
				CLANG_ANALYZER_NUMBER_OBJECT_CONVERSION = YES_AGGRESSIVE;
				CLANG_CXX_LANGUAGE_STANDARD = "gnu++14";
				CLANG_CXX_LIBRARY = "libc++";
				CLANG_ENABLE_MODULES = YES;
				CLANG_ENABLE_OBJC_ARC = YES;
				CLANG_ENABLE_OBJC_WEAK = YES;
				CLANG_WARN_BLOCK_CAPTURE_AUTORELEASING = YES;
				CLANG_WARN_BOOL_CONVERSION = YES;
				CLANG_WARN_COMMA = YES;
				CLANG_WARN_CONSTANT_CONVERSION = YES;
				CLANG_WARN_DEPRECATED_OBJC_IMPLEMENTATIONS = YES;
				CLANG_WARN_DIRECT_OBJC_ISA_USAGE = YES_ERROR;
				CLANG_WARN_DOCUMENTATION_COMMENTS = YES;
				CLANG_WARN_EMPTY_BODY = YES;
				CLANG_WARN_ENUM_CONVERSION = YES;
				CLANG_WARN_INFINITE_RECURSION = YES;
				CLANG_WARN_INT_CONVERSION = YES;
				CLANG_WARN_NON_LITERAL_NULL_CONVERSION = YES;
				CLANG_WARN_OBJC_IMPLICIT_RETAIN_SELF = YES;
				CLANG_WARN_OBJC_LITERAL_CONVERSION = YES;
				CLANG_WARN_OBJC_ROOT_CLASS = YES_ERROR;
				CLANG_WARN_RANGE_LOOP_ANALYSIS = YES;
				CLANG_WARN_STRICT_PROTOTYPES = YES;
				CLANG_WARN_SUSPICIOUS_MOVE = YES;
				CLANG_WARN_UNGUARDED_AVAILABILITY = YES_AGGRESSIVE;
				CLANG_WARN_UNREACHABLE_CODE = YES;
				CLANG_WARN__DUPLICATE_METHOD_MATCH = YES;
				COPY_PHASE_STRIP = NO;
				DEBUG_INFORMATION_FORMAT = "dwarf-with-dsym";
				ENABLE_NS_ASSERTIONS = NO;
				ENABLE_STRICT_OBJC_MSGSEND = YES;
				GCC_C_LANGUAGE_STANDARD = gnu11;
				GCC_NO_COMMON_BLOCKS = YES;
				GCC_WARN_64_TO_32_BIT_CONVERSION = YES;
				GCC_WARN_ABOUT_RETURN_TYPE = YES_ERROR;
				GCC_WARN_UNDECLARED_SELECTOR = YES;
				GCC_WARN_UNINITIALIZED_AUTOS = YES_AGGRESSIVE;
				GCC_WARN_UNUSED_FUNCTION = YES;
				GCC_WARN_UNUSED_VARIABLE = YES;
				IPHONEOS_DEPLOYMENT_TARGET = 13.2;
				MTL_ENABLE_DEBUG_INFO = NO;
				MTL_FAST_MATH = YES;
				SDKROOT = iphoneos;
				SWIFT_COMPILATION_MODE = wholemodule;
				SWIFT_OPTIMIZATION_LEVEL = "-O";
				VALIDATE_PRODUCT = YES;
			};
			name = Release;
		};
		F7DCA1EB2399E54F0025A2D1 /* Debug */ = {
			isa = XCBuildConfiguration;
			buildSettings = {
				ASSETCATALOG_COMPILER_APPICON_NAME = AppIcon;
				CODE_SIGN_STYLE = Automatic;
				DEVELOPMENT_TEAM = TRJ72GF668;
				INFOPLIST_FILE = githubSampleApp/Info.plist;
				LD_RUNPATH_SEARCH_PATHS = (
					"$(inherited)",
					"@executable_path/Frameworks",
				);
				PRODUCT_BUNDLE_IDENTIFIER = com.githubSampleApp;
				PRODUCT_NAME = "$(TARGET_NAME)";
				SWIFT_VERSION = 5.0;
				TARGETED_DEVICE_FAMILY = "1,2";
			};
			name = Debug;
		};
		F7DCA1EC2399E54F0025A2D1 /* Release */ = {
			isa = XCBuildConfiguration;
			buildSettings = {
				ASSETCATALOG_COMPILER_APPICON_NAME = AppIcon;
				CODE_SIGN_STYLE = Automatic;
				DEVELOPMENT_TEAM = TRJ72GF668;
				INFOPLIST_FILE = githubSampleApp/Info.plist;
				LD_RUNPATH_SEARCH_PATHS = (
					"$(inherited)",
					"@executable_path/Frameworks",
				);
				PRODUCT_BUNDLE_IDENTIFIER = com.githubSampleApp;
				PRODUCT_NAME = "$(TARGET_NAME)";
				SWIFT_VERSION = 5.0;
				TARGETED_DEVICE_FAMILY = "1,2";
			};
			name = Release;
		};
/* End XCBuildConfiguration section */

/* Begin XCConfigurationList section */
		F7DCA1D12399E54B0025A2D1 /* Build configuration list for PBXProject "githubSampleApp" */ = {
			isa = XCConfigurationList;
			buildConfigurations = (
				F7DCA1E82399E54F0025A2D1 /* Debug */,
				F7DCA1E92399E54F0025A2D1 /* Release */,
			);
			defaultConfigurationIsVisible = 0;
			defaultConfigurationName = Release;
		};
		F7DCA1EA2399E54F0025A2D1 /* Build configuration list for PBXNativeTarget "githubSampleApp" */ = {
			isa = XCConfigurationList;
			buildConfigurations = (
				F7DCA1EB2399E54F0025A2D1 /* Debug */,
				F7DCA1EC2399E54F0025A2D1 /* Release */,
			);
			defaultConfigurationIsVisible = 0;
			defaultConfigurationName = Release;
		};
/* End XCConfigurationList section */
	};
	rootObject = F7DCA1CE2399E54B0025A2D1 /* Project object */;
}
